{
  "name": "@cloudcare/electron-native-adapter",
  "version": "0.0.0-local",
  "lockfileVersion": 3,
  "requires": true,
  "packages": {
    "": {
      "name": "@cloudcare/electron-native-adapter",
      "version": "0.0.0-local",
      "license": "Apache-2.0",
      "engines": {
        "node": ">=22.12"
      },
      "peerDependencies": {
        "electron": "43.x"
      },
      "peerDependenciesMeta": {
        "electron": {
          "optional": true
        }
      }
    }
  }
}
