{
  "name": "@cloudcare/electron-native-adapter",
  "version": "0.0.0-local",
  "lockfileVersion": 3,
  "requires": true,
  "packages": {
    "": {
      "name": "@cloudcare/electron-native-adapter",
      "version": "0.0.0-local",
      "license": "Apache-2.0",
      "bin": {
        "ft-electron-native": "bin/ft-electron-native.mjs"
      },
      "engines": {
        "node": ">=16.17.1"
      },
      "peerDependencies": {
        "electron": "^22.3.27 || 43.x"
      },
      "peerDependenciesMeta": {
        "electron": {
          "optional": true
        }
      }
    }
  }
}
